
Microsoft Visual Studio Solution File, Format Version 12.00
# Visual Studio Version 16
VisualStudioVersion = 16.0.30907.101
MinimumVisualStudioVersion = 10.0.40219.1
Project("{FAE04EC0-301F-11D3-BF4B-00C04F79EFBC}") = "GShock.API", "GShock.API\GShock.API.csproj", "{29DDB6CB-3C32-4428-92AE-2507AAD2D0BF}"
EndProject
Global
	GlobalSection(SolutionConfigurationPlatforms) = preSolution
		Debug|Any CPU = Debug|Any CPU
		Release|Any CPU = Release|Any CPU
	EndGlobalSection
	GlobalSection(ProjectConfigurationPlatforms) = postSolution
		{29DDB6CB-3C32-4428-92AE-2507AAD2D0BF}.Debug|Any CPU.ActiveCfg = Debug|Any CPU
		{29DDB6CB-3C32-4428-92AE-2507AAD2D0BF}.Debug|Any CPU.Build.0 = Debug|Any CPU
		{29DDB6CB-3C32-4428-92AE-2507AAD2D0BF}.Release|Any CPU.ActiveCfg = Release|Any CPU
		{29DDB6CB-3C32-4428-92AE-2507AAD2D0BF}.Release|Any CPU.Build.0 = Release|Any CPU
	EndGlobalSection
	GlobalSection(SolutionProperties) = preSolution
		HideSolutionNode = FALSE
	EndGlobalSection
	GlobalSection(ExtensibilityGlobals) = postSolution
		SolutionGuid = {C4632BB9-23C0-48FA-BB29-6319E90AA1AD}
	EndGlobalSection
EndGlobal
